// !$*UTF8*$!
{
	archiveVersion = 1;
	classes = {
	};
	objectVersion = 50;
	objects = {

/* Begin PBXBuildFile section */
		7B146516224ACFEF00241B00 /* NewDeckViewController.swift in Sources */ = {isa = PBXBuildFile; fileRef = 7B146515224ACFEF00241B00 /* NewDeckViewController.swift */; };
		7B146518224AD68500241B00 /* CreateCardViewController.swift in Sources */ = {isa = PBXBuildFile; fileRef = 7B146517224AD68500241B00 /* CreateCardViewController.swift */; };
		7B14651A224ADAA200241B00 /* CopyCardViewController.swift in Sources */ = {isa = PBXBuildFile; fileRef = 7B146519224ADAA200241B00 /* CopyCardViewController.swift */; };
		7B146520224AE62C00241B00 /* NarratorDashboardViewController.swift in Sources */ = {isa = PBXBuildFile; fileRef = 7B14651F224AE62C00241B00 /* NarratorDashboardViewController.swift */; };
		7B32DF3C225A262600F0072B /* CoreGraphicsHelper.swift in Sources */ = {isa = PBXBuildFile; fileRef = 7B32DF3B225A262600F0072B /* CoreGraphicsHelper.swift */; };
		7B32DF3E225A39CC00F0072B /* RoleQuantityViewController.swift in Sources */ = {isa = PBXBuildFile; fileRef = 7B32DF3D225A39CC00F0072B /* RoleQuantityViewController.swift */; };
		7B32DF40225A3E7900F0072B /* RoleQuantityTableViewCell.swift in Sources */ = {isa = PBXBuildFile; fileRef = 7B32DF3F225A3E7900F0072B /* RoleQuantityTableViewCell.swift */; };
		7B32DF42225A5A0100F0072B /* WaitForPlayersViewController.swift in Sources */ = {isa = PBXBuildFile; fileRef = 7B32DF41225A5A0100F0072B /* WaitForPlayersViewController.swift */; };
		7B4E70FF224990C0001395F2 /* ViewDeckCell.swift in Sources */ = {isa = PBXBuildFile; fileRef = 7B4E70FE224990C0001395F2 /* ViewDeckCell.swift */; };
		7B4E7101224990D7001395F2 /* AddDeckCell.swift in Sources */ = {isa = PBXBuildFile; fileRef = 7B4E7100224990D7001395F2 /* AddDeckCell.swift */; };
		7B4F1AD0224B26E60038225D /* RecordWinnersViewController.swift in Sources */ = {isa = PBXBuildFile; fileRef = 7B4F1ACF224B26E60038225D /* RecordWinnersViewController.swift */; };
		7B8B9A622255644D002260E9 /* AppDelegate.swift in Sources */ = {isa = PBXBuildFile; fileRef = 7B8B9A612255644D002260E9 /* AppDelegate.swift */; };
		7B8B9A6622557153002260E9 /* NewDeckCellCollectionViewCell.swift in Sources */ = {isa = PBXBuildFile; fileRef = 7B8B9A6522557153002260E9 /* NewDeckCellCollectionViewCell.swift */; };
		7B8EF74E22540ABC00816B5F /* ImagePicker.swift in Sources */ = {isa = PBXBuildFile; fileRef = 7B8EF74D22540ABC00816B5F /* ImagePicker.swift */; };
		7B8EF7512254180500816B5F /* MafiaManager.xcdatamodeld in Sources */ = {isa = PBXBuildFile; fileRef = 7B8EF74F2254180500816B5F /* MafiaManager.xcdatamodeld */; };
		7B8EF7532254260600816B5F /* DeckCellCollectionViewCell.swift in Sources */ = {isa = PBXBuildFile; fileRef = 7B8EF7522254260600816B5F /* DeckCellCollectionViewCell.swift */; };
		7B921AA22259724B003A219D /* DeckSelectionViewController.swift in Sources */ = {isa = PBXBuildFile; fileRef = 7B921AA12259724B003A219D /* DeckSelectionViewController.swift */; };
		7B921AA42259742B003A219D /* DeckSelectionCollectionViewCell.swift in Sources */ = {isa = PBXBuildFile; fileRef = 7B921AA32259742B003A219D /* DeckSelectionCollectionViewCell.swift */; };
		7B921AA622597ACF003A219D /* SelectDetailViewController.swift in Sources */ = {isa = PBXBuildFile; fileRef = 7B921AA522597ACF003A219D /* SelectDetailViewController.swift */; };
		7B9A74B222583872000D15AB /* CopyCardCollectionViewCell.swift in Sources */ = {isa = PBXBuildFile; fileRef = 7B9A74B122583872000D15AB /* CopyCardCollectionViewCell.swift */; };
		7BE7DAAA224C0F9F00E267CA /* TimerViewController.swift in Sources */ = {isa = PBXBuildFile; fileRef = 7BE7DAA9224C0F9F00E267CA /* TimerViewController.swift */; };
		7BE7DAAC224C137C00E267CA /* SettingsViewController.swift in Sources */ = {isa = PBXBuildFile; fileRef = 7BE7DAAB224C137C00E267CA /* SettingsViewController.swift */; };
		7BE7DAAE224C165A00E267CA /* PlayViewController.swift in Sources */ = {isa = PBXBuildFile; fileRef = 7BE7DAAD224C165A00E267CA /* PlayViewController.swift */; };
		7BEA9F51225A7302005FBDE7 /* JoinGameViewController.swift in Sources */ = {isa = PBXBuildFile; fileRef = 7BEA9F50225A7302005FBDE7 /* JoinGameViewController.swift */; };
		7BEA9F58225A79F2005FBDE7 /* MPCManager.swift in Sources */ = {isa = PBXBuildFile; fileRef = 7BEA9F57225A79F2005FBDE7 /* MPCManager.swift */; };
		8F974F8D37A5B79031110456 /* Pods_MafiaManager.framework in Frameworks */ = {isa = PBXBuildFile; fileRef = 3736DE08530B5A6DD9C82E73 /* Pods_MafiaManager.framework */; };
		BF01BDCE22487FA200C883D8 /* DecksViewController.swift in Sources */ = {isa = PBXBuildFile; fileRef = BF01BDCD22487FA200C883D8 /* DecksViewController.swift */; };
		BF01BDD022487FB800C883D8 /* PlayerViewController.swift in Sources */ = {isa = PBXBuildFile; fileRef = BF01BDCF22487FB800C883D8 /* PlayerViewController.swift */; };
		BF01BDD222487FCA00C883D8 /* HistoryViewController.swift in Sources */ = {isa = PBXBuildFile; fileRef = BF01BDD122487FCA00C883D8 /* HistoryViewController.swift */; };
		BF32AF31224AAA1700D32277 /* DeckDetailViewController.swift in Sources */ = {isa = PBXBuildFile; fileRef = BF32AF30224AAA1700D32277 /* DeckDetailViewController.swift */; };
		BFFDFE56223844C00033F15B /* Main.storyboard in Resources */ = {isa = PBXBuildFile; fileRef = BFFDFE54223844C00033F15B /* Main.storyboard */; };
		BFFDFE58223845160033F15B /* Assets.xcassets in Resources */ = {isa = PBXBuildFile; fileRef = BFFDFE57223845160033F15B /* Assets.xcassets */; };
		BFFDFE5B223845170033F15B /* LaunchScreen.storyboard in Resources */ = {isa = PBXBuildFile; fileRef = BFFDFE59223845170033F15B /* LaunchScreen.storyboard */; };
		F618EE8122488DE500E32DA5 /* TabBarViewController.swift in Sources */ = {isa = PBXBuildFile; fileRef = F618EE8022488DE500E32DA5 /* TabBarViewController.swift */; };
		F64DF7C3224B000000513FD7 /* GoogleService-Info.plist in Resources */ = {isa = PBXBuildFile; fileRef = F64DF7C2224B000000513FD7 /* GoogleService-Info.plist */; };
		F6A22D4722571E2B000F694B /* EditDeckViewController.swift in Sources */ = {isa = PBXBuildFile; fileRef = F6A22D4622571E2B000F694B /* EditDeckViewController.swift */; };
		F6B2E13C2257D2AA00EFB394 /* CardCellCollectionViewCell.swift in Sources */ = {isa = PBXBuildFile; fileRef = F6B2E13B2257D2AA00EFB394 /* CardCellCollectionViewCell.swift */; };
		F6B2E13E2257D2B900EFB394 /* NewCardCellCollectionViewCell.swift in Sources */ = {isa = PBXBuildFile; fileRef = F6B2E13D2257D2B900EFB394 /* NewCardCellCollectionViewCell.swift */; };
		F6B2E1402257D82000EFB394 /* CardViewController.swift in Sources */ = {isa = PBXBuildFile; fileRef = F6B2E13F2257D82000EFB394 /* CardViewController.swift */; };
		F6F54C732244644700F6DFDF /* LoginViewController.swift in Sources */ = {isa = PBXBuildFile; fileRef = F6F54C722244644700F6DFDF /* LoginViewController.swift */; };
		F6F54C7522446B7D00F6DFDF /* SignUpViewController.swift in Sources */ = {isa = PBXBuildFile; fileRef = F6F54C7422446B7D00F6DFDF /* SignUpViewController.swift */; };
		F6F54C77224482FC00F6DFDF /* LoadingWelcomeViewController.swift in Sources */ = {isa = PBXBuildFile; fileRef = F6F54C76224482FC00F6DFDF /* LoadingWelcomeViewController.swift */; };
/* End PBXBuildFile section */

/* Begin PBXFileReference section */
		26426B7903E9150EF76358D9 /* Pods-MafiaManager.debug.xcconfig */ = {isa = PBXFileReference; includeInIndex = 1; lastKnownFileType = text.xcconfig; name = "Pods-MafiaManager.debug.xcconfig"; path = "Target Support Files/Pods-MafiaManager/Pods-MafiaManager.debug.xcconfig"; sourceTree = "<group>"; };
		3736DE08530B5A6DD9C82E73 /* Pods_MafiaManager.framework */ = {isa = PBXFileReference; explicitFileType = wrapper.framework; includeInIndex = 0; path = Pods_MafiaManager.framework; sourceTree = BUILT_PRODUCTS_DIR; };
		7B146515224ACFEF00241B00 /* NewDeckViewController.swift */ = {isa = PBXFileReference; lastKnownFileType = sourcecode.swift; path = NewDeckViewController.swift; sourceTree = "<group>"; };
		7B146517224AD68500241B00 /* CreateCardViewController.swift */ = {isa = PBXFileReference; lastKnownFileType = sourcecode.swift; path = CreateCardViewController.swift; sourceTree = "<group>"; };
		7B146519224ADAA200241B00 /* CopyCardViewController.swift */ = {isa = PBXFileReference; lastKnownFileType = sourcecode.swift; path = CopyCardViewController.swift; sourceTree = "<group>"; };
		7B14651F224AE62C00241B00 /* NarratorDashboardViewController.swift */ = {isa = PBXFileReference; lastKnownFileType = sourcecode.swift; path = NarratorDashboardViewController.swift; sourceTree = "<group>"; };
		7B32DF3B225A262600F0072B /* CoreGraphicsHelper.swift */ = {isa = PBXFileReference; lastKnownFileType = sourcecode.swift; path = CoreGraphicsHelper.swift; sourceTree = "<group>"; };
		7B32DF3D225A39CC00F0072B /* RoleQuantityViewController.swift */ = {isa = PBXFileReference; lastKnownFileType = sourcecode.swift; path = RoleQuantityViewController.swift; sourceTree = "<group>"; };
		7B32DF3F225A3E7900F0072B /* RoleQuantityTableViewCell.swift */ = {isa = PBXFileReference; lastKnownFileType = sourcecode.swift; path = RoleQuantityTableViewCell.swift; sourceTree = "<group>"; };
		7B32DF41225A5A0100F0072B /* WaitForPlayersViewController.swift */ = {isa = PBXFileReference; lastKnownFileType = sourcecode.swift; path = WaitForPlayersViewController.swift; sourceTree = "<group>"; };
		7B4E70FE224990C0001395F2 /* ViewDeckCell.swift */ = {isa = PBXFileReference; lastKnownFileType = sourcecode.swift; path = ViewDeckCell.swift; sourceTree = "<group>"; };
		7B4E7100224990D7001395F2 /* AddDeckCell.swift */ = {isa = PBXFileReference; lastKnownFileType = sourcecode.swift; path = AddDeckCell.swift; sourceTree = "<group>"; };
		7B4F1ACF224B26E60038225D /* RecordWinnersViewController.swift */ = {isa = PBXFileReference; lastKnownFileType = sourcecode.swift; path = RecordWinnersViewController.swift; sourceTree = "<group>"; };
		7B8B9A612255644D002260E9 /* AppDelegate.swift */ = {isa = PBXFileReference; fileEncoding = 4; lastKnownFileType = sourcecode.swift; path = AppDelegate.swift; sourceTree = "<group>"; };
		7B8B9A6522557153002260E9 /* NewDeckCellCollectionViewCell.swift */ = {isa = PBXFileReference; lastKnownFileType = sourcecode.swift; path = NewDeckCellCollectionViewCell.swift; sourceTree = "<group>"; };
		7B8EF74D22540ABC00816B5F /* ImagePicker.swift */ = {isa = PBXFileReference; lastKnownFileType = sourcecode.swift; path = ImagePicker.swift; sourceTree = "<group>"; };
		7B8EF7502254180500816B5F /* MafiaManager.xcdatamodel */ = {isa = PBXFileReference; lastKnownFileType = wrapper.xcdatamodel; path = MafiaManager.xcdatamodel; sourceTree = "<group>"; };
		7B8EF7522254260600816B5F /* DeckCellCollectionViewCell.swift */ = {isa = PBXFileReference; lastKnownFileType = sourcecode.swift; path = DeckCellCollectionViewCell.swift; sourceTree = "<group>"; };
		7B921AA12259724B003A219D /* DeckSelectionViewController.swift */ = {isa = PBXFileReference; lastKnownFileType = sourcecode.swift; path = DeckSelectionViewController.swift; sourceTree = "<group>"; };
		7B921AA32259742B003A219D /* DeckSelectionCollectionViewCell.swift */ = {isa = PBXFileReference; lastKnownFileType = sourcecode.swift; path = DeckSelectionCollectionViewCell.swift; sourceTree = "<group>"; };
		7B921AA522597ACF003A219D /* SelectDetailViewController.swift */ = {isa = PBXFileReference; lastKnownFileType = sourcecode.swift; path = SelectDetailViewController.swift; sourceTree = "<group>"; };
		7B9A74B122583872000D15AB /* CopyCardCollectionViewCell.swift */ = {isa = PBXFileReference; lastKnownFileType = sourcecode.swift; path = CopyCardCollectionViewCell.swift; sourceTree = "<group>"; };
		7BE7DAA9224C0F9F00E267CA /* TimerViewController.swift */ = {isa = PBXFileReference; lastKnownFileType = sourcecode.swift; path = TimerViewController.swift; sourceTree = "<group>"; };
		7BE7DAAB224C137C00E267CA /* SettingsViewController.swift */ = {isa = PBXFileReference; lastKnownFileType = sourcecode.swift; path = SettingsViewController.swift; sourceTree = "<group>"; };
		7BE7DAAD224C165A00E267CA /* PlayViewController.swift */ = {isa = PBXFileReference; lastKnownFileType = sourcecode.swift; path = PlayViewController.swift; sourceTree = "<group>"; };
		7BEA9F50225A7302005FBDE7 /* JoinGameViewController.swift */ = {isa = PBXFileReference; lastKnownFileType = sourcecode.swift; path = JoinGameViewController.swift; sourceTree = "<group>"; };
		7BEA9F57225A79F2005FBDE7 /* MPCManager.swift */ = {isa = PBXFileReference; lastKnownFileType = sourcecode.swift; path = MPCManager.swift; sourceTree = "<group>"; };
		BF01BDCD22487FA200C883D8 /* DecksViewController.swift */ = {isa = PBXFileReference; lastKnownFileType = sourcecode.swift; path = DecksViewController.swift; sourceTree = "<group>"; };
		BF01BDCF22487FB800C883D8 /* PlayerViewController.swift */ = {isa = PBXFileReference; lastKnownFileType = sourcecode.swift; path = PlayerViewController.swift; sourceTree = "<group>"; };
		BF01BDD122487FCA00C883D8 /* HistoryViewController.swift */ = {isa = PBXFileReference; lastKnownFileType = sourcecode.swift; path = HistoryViewController.swift; sourceTree = "<group>"; };
		BF32AF30224AAA1700D32277 /* DeckDetailViewController.swift */ = {isa = PBXFileReference; lastKnownFileType = sourcecode.swift; path = DeckDetailViewController.swift; sourceTree = "<group>"; };
		BFFDFE4B223844C00033F15B /* MafiaManager.app */ = {isa = PBXFileReference; explicitFileType = wrapper.application; includeInIndex = 0; path = MafiaManager.app; sourceTree = BUILT_PRODUCTS_DIR; };
		BFFDFE55223844C00033F15B /* Base */ = {isa = PBXFileReference; lastKnownFileType = file.storyboard; name = Base; path = Base.lproj/Main.storyboard; sourceTree = "<group>"; };
		BFFDFE57223845160033F15B /* Assets.xcassets */ = {isa = PBXFileReference; lastKnownFileType = folder.assetcatalog; path = Assets.xcassets; sourceTree = "<group>"; };
		BFFDFE5A223845170033F15B /* Base */ = {isa = PBXFileReference; lastKnownFileType = file.storyboard; name = Base; path = Base.lproj/LaunchScreen.storyboard; sourceTree = "<group>"; };
		BFFDFE5C223845170033F15B /* Info.plist */ = {isa = PBXFileReference; lastKnownFileType = text.plist.xml; path = Info.plist; sourceTree = "<group>"; };
		F2AF33E2E3064D2FD43B2DBF /* Pods-MafiaManager.release.xcconfig */ = {isa = PBXFileReference; includeInIndex = 1; lastKnownFileType = text.xcconfig; name = "Pods-MafiaManager.release.xcconfig"; path = "Target Support Files/Pods-MafiaManager/Pods-MafiaManager.release.xcconfig"; sourceTree = "<group>"; };
		F618EE8022488DE500E32DA5 /* TabBarViewController.swift */ = {isa = PBXFileReference; lastKnownFileType = sourcecode.swift; path = TabBarViewController.swift; sourceTree = "<group>"; };
		F64DF7C2224B000000513FD7 /* GoogleService-Info.plist */ = {isa = PBXFileReference; fileEncoding = 4; lastKnownFileType = text.plist.xml; path = "GoogleService-Info.plist"; sourceTree = "<group>"; };
		F6A22D4622571E2B000F694B /* EditDeckViewController.swift */ = {isa = PBXFileReference; lastKnownFileType = sourcecode.swift; path = EditDeckViewController.swift; sourceTree = "<group>"; };
		F6B2E13B2257D2AA00EFB394 /* CardCellCollectionViewCell.swift */ = {isa = PBXFileReference; lastKnownFileType = sourcecode.swift; path = CardCellCollectionViewCell.swift; sourceTree = "<group>"; };
		F6B2E13D2257D2B900EFB394 /* NewCardCellCollectionViewCell.swift */ = {isa = PBXFileReference; lastKnownFileType = sourcecode.swift; path = NewCardCellCollectionViewCell.swift; sourceTree = "<group>"; };
		F6B2E13F2257D82000EFB394 /* CardViewController.swift */ = {isa = PBXFileReference; lastKnownFileType = sourcecode.swift; path = CardViewController.swift; sourceTree = "<group>"; };
		F6F54C722244644700F6DFDF /* LoginViewController.swift */ = {isa = PBXFileReference; lastKnownFileType = sourcecode.swift; path = LoginViewController.swift; sourceTree = "<group>"; };
		F6F54C7422446B7D00F6DFDF /* SignUpViewController.swift */ = {isa = PBXFileReference; lastKnownFileType = sourcecode.swift; path = SignUpViewController.swift; sourceTree = "<group>"; };
		F6F54C76224482FC00F6DFDF /* LoadingWelcomeViewController.swift */ = {isa = PBXFileReference; lastKnownFileType = sourcecode.swift; path = LoadingWelcomeViewController.swift; sourceTree = "<group>"; };
		F6F54C782246D95000F6DFDF /* MafiaManager.entitlements */ = {isa = PBXFileReference; lastKnownFileType = text.plist.entitlements; path = MafiaManager.entitlements; sourceTree = "<group>"; };
/* End PBXFileReference section */

/* Begin PBXFrameworksBuildPhase section */
		BFFDFE48223844C00033F15B /* Frameworks */ = {
			isa = PBXFrameworksBuildPhase;
			buildActionMask = 2147483647;
			files = (
				8F974F8D37A5B79031110456 /* Pods_MafiaManager.framework in Frameworks */,
			);
			runOnlyForDeploymentPostprocessing = 0;
		};
/* End PBXFrameworksBuildPhase section */

/* Begin PBXGroup section */
		5ED2355BD191163C968C7006 /* Pods */ = {
			isa = PBXGroup;
			children = (
				26426B7903E9150EF76358D9 /* Pods-MafiaManager.debug.xcconfig */,
				F2AF33E2E3064D2FD43B2DBF /* Pods-MafiaManager.release.xcconfig */,
			);
			path = Pods;
			sourceTree = "<group>";
		};
		7B32DF3A225A1DF300F0072B /* Setup */ = {
			isa = PBXGroup;
			children = (
				7B921AA12259724B003A219D /* DeckSelectionViewController.swift */,
				7B921AA32259742B003A219D /* DeckSelectionCollectionViewCell.swift */,
				7B921AA522597ACF003A219D /* SelectDetailViewController.swift */,
				7B32DF3D225A39CC00F0072B /* RoleQuantityViewController.swift */,
				7B32DF3F225A3E7900F0072B /* RoleQuantityTableViewCell.swift */,
				7B32DF41225A5A0100F0072B /* WaitForPlayersViewController.swift */,
			);
			path = Setup;
			sourceTree = "<group>";
		};
		7B8EF7242254045500816B5F /* Deck Management */ = {
			isa = PBXGroup;
			children = (
				7B921A9F225971B8003A219D /* Decks Management */,
				7B921AA0225971F4003A219D /* Cards Management */,
				7B8EF74D22540ABC00816B5F /* ImagePicker.swift */,
			);
			path = "Deck Management";
			sourceTree = "<group>";
		};
		7B8EF725225404BF00816B5F /* Login */ = {
			isa = PBXGroup;
			children = (
				F6F54C76224482FC00F6DFDF /* LoadingWelcomeViewController.swift */,
				F6F54C7422446B7D00F6DFDF /* SignUpViewController.swift */,
				F6F54C722244644700F6DFDF /* LoginViewController.swift */,
			);
			path = Login;
			sourceTree = "<group>";
		};
		7B8EF726225404D200816B5F /* Gameplay */ = {
			isa = PBXGroup;
			children = (
				7B921AA722598B79003A219D /* Player */,
				7B921AA822598B91003A219D /* Narrator */,
				7BE7DAAB224C137C00E267CA /* SettingsViewController.swift */,
				7BE7DAAD224C165A00E267CA /* PlayViewController.swift */,
			);
			path = Gameplay;
			sourceTree = "<group>";
		};
		7B8EF727225404D900816B5F /* History */ = {
			isa = PBXGroup;
			children = (
				BF01BDD122487FCA00C883D8 /* HistoryViewController.swift */,
			);
			path = History;
			sourceTree = "<group>";
		};
		7B921A9F225971B8003A219D /* Decks Management */ = {
			isa = PBXGroup;
			children = (
				7B8B9A6522557153002260E9 /* NewDeckCellCollectionViewCell.swift */,
				F6A22D4622571E2B000F694B /* EditDeckViewController.swift */,
				7B146515224ACFEF00241B00 /* NewDeckViewController.swift */,
				BF32AF30224AAA1700D32277 /* DeckDetailViewController.swift */,
				7B4E70FE224990C0001395F2 /* ViewDeckCell.swift */,
				7B4E7100224990D7001395F2 /* AddDeckCell.swift */,
				BF01BDCD22487FA200C883D8 /* DecksViewController.swift */,
				7B8EF7522254260600816B5F /* DeckCellCollectionViewCell.swift */,
			);
			path = "Decks Management";
			sourceTree = "<group>";
		};
		7B921AA0225971F4003A219D /* Cards Management */ = {
			isa = PBXGroup;
			children = (
				7B146517224AD68500241B00 /* CreateCardViewController.swift */,
				7B146519224ADAA200241B00 /* CopyCardViewController.swift */,
				F6B2E13B2257D2AA00EFB394 /* CardCellCollectionViewCell.swift */,
				F6B2E13D2257D2B900EFB394 /* NewCardCellCollectionViewCell.swift */,
				F6B2E13F2257D82000EFB394 /* CardViewController.swift */,
				7B9A74B122583872000D15AB /* CopyCardCollectionViewCell.swift */,
			);
			path = "Cards Management";
			sourceTree = "<group>";
		};
		7B921AA722598B79003A219D /* Player */ = {
			isa = PBXGroup;
			children = (
				BF01BDCF22487FB800C883D8 /* PlayerViewController.swift */,
				7BEA9F50225A7302005FBDE7 /* JoinGameViewController.swift */,
			);
			path = Player;
			sourceTree = "<group>";
		};
		7B921AA822598B91003A219D /* Narrator */ = {
			isa = PBXGroup;
			children = (
				7B4F1ACF224B26E60038225D /* RecordWinnersViewController.swift */,
				7B14651F224AE62C00241B00 /* NarratorDashboardViewController.swift */,
				7BE7DAA9224C0F9F00E267CA /* TimerViewController.swift */,
				7B32DF3A225A1DF300F0072B /* Setup */,
			);
			path = Narrator;
			sourceTree = "<group>";
		};
		7BEA9F52225A7528005FBDE7 /* Helpers */ = {
			isa = PBXGroup;
			children = (
				7B32DF3B225A262600F0072B /* CoreGraphicsHelper.swift */,
				7BEA9F57225A79F2005FBDE7 /* MPCManager.swift */,
			);
			path = Helpers;
			sourceTree = "<group>";
		};
		7E802CDD2D987692A4E7EAE8 /* Frameworks */ = {
			isa = PBXGroup;
			children = (
				3736DE08530B5A6DD9C82E73 /* Pods_MafiaManager.framework */,
			);
			name = Frameworks;
			sourceTree = "<group>";
		};
		BFFDFE42223844C00033F15B = {
			isa = PBXGroup;
			children = (
				BFFDFE4D223844C00033F15B /* MafiaManager */,
				BFFDFE4C223844C00033F15B /* Products */,
				5ED2355BD191163C968C7006 /* Pods */,
				7E802CDD2D987692A4E7EAE8 /* Frameworks */,
			);
			sourceTree = "<group>";
		};
		BFFDFE4C223844C00033F15B /* Products */ = {
			isa = PBXGroup;
			children = (
				BFFDFE4B223844C00033F15B /* MafiaManager.app */,
			);
			name = Products;
			sourceTree = "<group>";
		};
		BFFDFE4D223844C00033F15B /* MafiaManager */ = {
			isa = PBXGroup;
			children = (
				7B8B9A612255644D002260E9 /* AppDelegate.swift */,
				7B8EF725225404BF00816B5F /* Login */,
				7B8EF7242254045500816B5F /* Deck Management */,
				7B8EF726225404D200816B5F /* Gameplay */,
				7B8EF727225404D900816B5F /* History */,
				F64DF7C2224B000000513FD7 /* GoogleService-Info.plist */,
				F6F54C782246D95000F6DFDF /* MafiaManager.entitlements */,
				BFFDFE57223845160033F15B /* Assets.xcassets */,
				BFFDFE59223845170033F15B /* LaunchScreen.storyboard */,
				BFFDFE5C223845170033F15B /* Info.plist */,
				F618EE8022488DE500E32DA5 /* TabBarViewController.swift */,
				BFFDFE54223844C00033F15B /* Main.storyboard */,
				7B8EF74F2254180500816B5F /* MafiaManager.xcdatamodeld */,
				7BEA9F52225A7528005FBDE7 /* Helpers */,
			);
			path = MafiaManager;
			sourceTree = "<group>";
		};
/* End PBXGroup section */

/* Begin PBXNativeTarget section */
		BFFDFE4A223844C00033F15B /* MafiaManager */ = {
			isa = PBXNativeTarget;
			buildConfigurationList = BFFDFE5F223845170033F15B /* Build configuration list for PBXNativeTarget "MafiaManager" */;
			buildPhases = (
				F5EA7D6FAC8EFC2BE2382176 /* [CP] Check Pods Manifest.lock */,
				BFFDFE47223844C00033F15B /* Sources */,
				BFFDFE48223844C00033F15B /* Frameworks */,
				BFFDFE49223844C00033F15B /* Resources */,
				DE04B84D83036D5BBD0D4D06 /* [CP] Embed Pods Frameworks */,
			);
			buildRules = (
			);
			dependencies = (
			);
			name = MafiaManager;
			productName = MafiaManager;
			productReference = BFFDFE4B223844C00033F15B /* MafiaManager.app */;
			productType = "com.apple.product-type.application";
		};
/* End PBXNativeTarget section */

/* Begin PBXProject section */
		BFFDFE43223844C00033F15B /* Project object */ = {
			isa = PBXProject;
			attributes = {
				LastSwiftUpdateCheck = 1010;
				LastUpgradeCheck = 1010;
				ORGANIZATIONNAME = "Aishwarya Shashidhar";
				TargetAttributes = {
					BFFDFE4A223844C00033F15B = {
						CreatedOnToolsVersion = 10.1;
						SystemCapabilities = {
							com.apple.Keychain = {
								enabled = 1;
							};
						};
					};
				};
			};
			buildConfigurationList = BFFDFE46223844C00033F15B /* Build configuration list for PBXProject "MafiaManager" */;
			compatibilityVersion = "Xcode 9.3";
			developmentRegion = en;
			hasScannedForEncodings = 0;
			knownRegions = (
				en,
				Base,
			);
			mainGroup = BFFDFE42223844C00033F15B;
			productRefGroup = BFFDFE4C223844C00033F15B /* Products */;
			projectDirPath = "";
			projectRoot = "";
			targets = (
				BFFDFE4A223844C00033F15B /* MafiaManager */,
			);
		};
/* End PBXProject section */

/* Begin PBXResourcesBuildPhase section */
		BFFDFE49223844C00033F15B /* Resources */ = {
			isa = PBXResourcesBuildPhase;
			buildActionMask = 2147483647;
			files = (
				BFFDFE5B223845170033F15B /* LaunchScreen.storyboard in Resources */,
				F64DF7C3224B000000513FD7 /* GoogleService-Info.plist in Resources */,
				BFFDFE58223845160033F15B /* Assets.xcassets in Resources */,
				BFFDFE56223844C00033F15B /* Main.storyboard in Resources */,
			);
			runOnlyForDeploymentPostprocessing = 0;
		};
/* End PBXResourcesBuildPhase section */

/* Begin PBXShellScriptBuildPhase section */
		DE04B84D83036D5BBD0D4D06 /* [CP] Embed Pods Frameworks */ = {
			isa = PBXShellScriptBuildPhase;
			buildActionMask = 2147483647;
			files = (
			);
			inputFileListPaths = (
			);
			inputPaths = (
				"${PODS_ROOT}/Target Support Files/Pods-MafiaManager/Pods-MafiaManager-frameworks.sh",
				"${BUILT_PRODUCTS_DIR}/Alamofire/Alamofire.framework",
				"${BUILT_PRODUCTS_DIR}/GTMSessionFetcher/GTMSessionFetcher.framework",
				"${BUILT_PRODUCTS_DIR}/GoogleUtilities/GoogleUtilities.framework",
				"${BUILT_PRODUCTS_DIR}/MultiPeer/MultiPeer.framework",
				"${BUILT_PRODUCTS_DIR}/leveldb-library/leveldb.framework",
				"${BUILT_PRODUCTS_DIR}/nanopb/nanopb.framework",
			);
			name = "[CP] Embed Pods Frameworks";
			outputFileListPaths = (
			);
			outputPaths = (
				"${TARGET_BUILD_DIR}/${FRAMEWORKS_FOLDER_PATH}/Alamofire.framework",
				"${TARGET_BUILD_DIR}/${FRAMEWORKS_FOLDER_PATH}/GTMSessionFetcher.framework",
				"${TARGET_BUILD_DIR}/${FRAMEWORKS_FOLDER_PATH}/GoogleUtilities.framework",
				"${TARGET_BUILD_DIR}/${FRAMEWORKS_FOLDER_PATH}/MultiPeer.framework",
				"${TARGET_BUILD_DIR}/${FRAMEWORKS_FOLDER_PATH}/leveldb.framework",
				"${TARGET_BUILD_DIR}/${FRAMEWORKS_FOLDER_PATH}/nanopb.framework",
			);
			runOnlyForDeploymentPostprocessing = 0;
			shellPath = /bin/sh;
			shellScript = "\"${PODS_ROOT}/Target Support Files/Pods-MafiaManager/Pods-MafiaManager-frameworks.sh\"\n";
			showEnvVarsInLog = 0;
		};
		F5EA7D6FAC8EFC2BE2382176 /* [CP] Check Pods Manifest.lock */ = {
			isa = PBXShellScriptBuildPhase;
			buildActionMask = 2147483647;
			files = (
			);
			inputFileListPaths = (
			);
			inputPaths = (
				"${PODS_PODFILE_DIR_PATH}/Podfile.lock",
				"${PODS_ROOT}/Manifest.lock",
			);
			name = "[CP] Check Pods Manifest.lock";
			outputFileListPaths = (
			);
			outputPaths = (
				"$(DERIVED_FILE_DIR)/Pods-MafiaManager-checkManifestLockResult.txt",
			);
			runOnlyForDeploymentPostprocessing = 0;
			shellPath = /bin/sh;
			shellScript = "diff \"${PODS_PODFILE_DIR_PATH}/Podfile.lock\" \"${PODS_ROOT}/Manifest.lock\" > /dev/null\nif [ $? != 0 ] ; then\n    # print error to STDERR\n    echo \"error: The sandbox is not in sync with the Podfile.lock. Run 'pod install' or update your CocoaPods installation.\" >&2\n    exit 1\nfi\n# This output is used by Xcode 'outputs' to avoid re-running this script phase.\necho \"SUCCESS\" > \"${SCRIPT_OUTPUT_FILE_0}\"\n";
			showEnvVarsInLog = 0;
		};
/* End PBXShellScriptBuildPhase section */

/* Begin PBXSourcesBuildPhase section */
		BFFDFE47223844C00033F15B /* Sources */ = {
			isa = PBXSourcesBuildPhase;
			buildActionMask = 2147483647;
			files = (
				7B8B9A622255644D002260E9 /* AppDelegate.swift in Sources */,
				7B8EF7512254180500816B5F /* MafiaManager.xcdatamodeld in Sources */,
				7B4F1AD0224B26E60038225D /* RecordWinnersViewController.swift in Sources */,
				F618EE8122488DE500E32DA5 /* TabBarViewController.swift in Sources */,
				7B146516224ACFEF00241B00 /* NewDeckViewController.swift in Sources */,
				BF01BDD022487FB800C883D8 /* PlayerViewController.swift in Sources */,
				7B32DF3C225A262600F0072B /* CoreGraphicsHelper.swift in Sources */,
				7B4E7101224990D7001395F2 /* AddDeckCell.swift in Sources */,
				7B8EF74E22540ABC00816B5F /* ImagePicker.swift in Sources */,
				F6B2E13E2257D2B900EFB394 /* NewCardCellCollectionViewCell.swift in Sources */,
				7BEA9F58225A79F2005FBDE7 /* MPCManager.swift in Sources */,
				7B32DF42225A5A0100F0072B /* WaitForPlayersViewController.swift in Sources */,
				F6A22D4722571E2B000F694B /* EditDeckViewController.swift in Sources */,
				F6F54C732244644700F6DFDF /* LoginViewController.swift in Sources */,
				7B32DF40225A3E7900F0072B /* RoleQuantityTableViewCell.swift in Sources */,
				7B146518224AD68500241B00 /* CreateCardViewController.swift in Sources */,
				F6B2E1402257D82000EFB394 /* CardViewController.swift in Sources */,
				7BEA9F51225A7302005FBDE7 /* JoinGameViewController.swift in Sources */,
				7B146520224AE62C00241B00 /* NarratorDashboardViewController.swift in Sources */,
				7B9A74B222583872000D15AB /* CopyCardCollectionViewCell.swift in Sources */,
				7B8B9A6622557153002260E9 /* NewDeckCellCollectionViewCell.swift in Sources */,
				7BE7DAAE224C165A00E267CA /* PlayViewController.swift in Sources */,
				F6B2E13C2257D2AA00EFB394 /* CardCellCollectionViewCell.swift in Sources */,
				7B32DF3E225A39CC00F0072B /* RoleQuantityViewController.swift in Sources */,
				7B921AA42259742B003A219D /* DeckSelectionCollectionViewCell.swift in Sources */,
				BF01BDCE22487FA200C883D8 /* DecksViewController.swift in Sources */,
				BF01BDD222487FCA00C883D8 /* HistoryViewController.swift in Sources */,
				7B921AA622597ACF003A219D /* SelectDetailViewController.swift in Sources */,
				7B14651A224ADAA200241B00 /* CopyCardViewController.swift in Sources */,
				7BE7DAAA224C0F9F00E267CA /* TimerViewController.swift in Sources */,
				7B8EF7532254260600816B5F /* DeckCellCollectionViewCell.swift in Sources */,
				F6F54C77224482FC00F6DFDF /* LoadingWelcomeViewController.swift in Sources */,
				7B4E70FF224990C0001395F2 /* ViewDeckCell.swift in Sources */,
				F6F54C7522446B7D00F6DFDF /* SignUpViewController.swift in Sources */,
				BF32AF31224AAA1700D32277 /* DeckDetailViewController.swift in Sources */,
				7BE7DAAC224C137C00E267CA /* SettingsViewController.swift in Sources */,
				7B921AA22259724B003A219D /* DeckSelectionViewController.swift in Sources */,
			);
			runOnlyForDeploymentPostprocessing = 0;
		};
/* End PBXSourcesBuildPhase section */

/* Begin PBXVariantGroup section */
		BFFDFE54223844C00033F15B /* Main.storyboard */ = {
			isa = PBXVariantGroup;
			children = (
				BFFDFE55223844C00033F15B /* Base */,
			);
			name = Main.storyboard;
			sourceTree = "<group>";
		};
		BFFDFE59223845170033F15B /* LaunchScreen.storyboard */ = {
			isa = PBXVariantGroup;
			children = (
				BFFDFE5A223845170033F15B /* Base */,
			);
			name = LaunchScreen.storyboard;
			sourceTree = "<group>";
		};
/* End PBXVariantGroup section */

/* Begin XCBuildConfiguration section */
		BFFDFE5D223845170033F15B /* Debug */ = {
			isa = XCBuildConfiguration;
			buildSettings = {
				ALWAYS_SEARCH_USER_PATHS = NO;
				CLANG_ANALYZER_NONNULL = YES;
				CLANG_ANALYZER_NUMBER_OBJECT_CONVERSION = YES_AGGRESSIVE;
				CLANG_CXX_LANGUAGE_STANDARD = "gnu++14";
				CLANG_CXX_LIBRARY = "libc++";
				CLANG_ENABLE_MODULES = YES;
				CLANG_ENABLE_OBJC_ARC = YES;
				CLANG_ENABLE_OBJC_WEAK = YES;
				CLANG_WARN_BLOCK_CAPTURE_AUTORELEASING = YES;
				CLANG_WARN_BOOL_CONVERSION = YES;
				CLANG_WARN_COMMA = YES;
				CLANG_WARN_CONSTANT_CONVERSION = YES;
				CLANG_WARN_DEPRECATED_OBJC_IMPLEMENTATIONS = YES;
				CLANG_WARN_DIRECT_OBJC_ISA_USAGE = YES_ERROR;
				CLANG_WARN_DOCUMENTATION_COMMENTS = YES;
				CLANG_WARN_EMPTY_BODY = YES;
				CLANG_WARN_ENUM_CONVERSION = YES;
				CLANG_WARN_INFINITE_RECURSION = YES;
				CLANG_WARN_INT_CONVERSION = YES;
				CLANG_WARN_NON_LITERAL_NULL_CONVERSION = YES;
				CLANG_WARN_OBJC_IMPLICIT_RETAIN_SELF = YES;
				CLANG_WARN_OBJC_LITERAL_CONVERSION = YES;
				CLANG_WARN_OBJC_ROOT_CLASS = YES_ERROR;
				CLANG_WARN_RANGE_LOOP_ANALYSIS = YES;
				CLANG_WARN_STRICT_PROTOTYPES = YES;
				CLANG_WARN_SUSPICIOUS_MOVE = YES;
				CLANG_WARN_UNGUARDED_AVAILABILITY = YES_AGGRESSIVE;
				CLANG_WARN_UNREACHABLE_CODE = YES;
				CLANG_WARN__DUPLICATE_METHOD_MATCH = YES;
				CODE_SIGN_IDENTITY = "iPhone Developer";
				COPY_PHASE_STRIP = NO;
				DEBUG_INFORMATION_FORMAT = dwarf;
				ENABLE_STRICT_OBJC_MSGSEND = YES;
				ENABLE_TESTABILITY = YES;
				GCC_C_LANGUAGE_STANDARD = gnu11;
				GCC_DYNAMIC_NO_PIC = NO;
				GCC_NO_COMMON_BLOCKS = YES;
				GCC_OPTIMIZATION_LEVEL = 0;
				GCC_PREPROCESSOR_DEFINITIONS = (
					"DEBUG=1",
					"$(inherited)",
				);
				GCC_WARN_64_TO_32_BIT_CONVERSION = YES;
				GCC_WARN_ABOUT_RETURN_TYPE = YES_ERROR;
				GCC_WARN_UNDECLARED_SELECTOR = YES;
				GCC_WARN_UNINITIALIZED_AUTOS = YES_AGGRESSIVE;
				GCC_WARN_UNUSED_FUNCTION = YES;
				GCC_WARN_UNUSED_VARIABLE = YES;
				IPHONEOS_DEPLOYMENT_TARGET = 12.1;
				MTL_ENABLE_DEBUG_INFO = INCLUDE_SOURCE;
				MTL_FAST_MATH = YES;
				ONLY_ACTIVE_ARCH = YES;
				SDKROOT = iphoneos;
				SWIFT_ACTIVE_COMPILATION_CONDITIONS = DEBUG;
				SWIFT_OPTIMIZATION_LEVEL = "-Onone";
			};
			name = Debug;
		};
		BFFDFE5E223845170033F15B /* Release */ = {
			isa = XCBuildConfiguration;
			buildSettings = {
				ALWAYS_SEARCH_USER_PATHS = NO;
				CLANG_ANALYZER_NONNULL = YES;
				CLANG_ANALYZER_NUMBER_OBJECT_CONVERSION = YES_AGGRESSIVE;
				CLANG_CXX_LANGUAGE_STANDARD = "gnu++14";
				CLANG_CXX_LIBRARY = "libc++";
				CLANG_ENABLE_MODULES = YES;
				CLANG_ENABLE_OBJC_ARC = YES;
				CLANG_ENABLE_OBJC_WEAK = YES;
				CLANG_WARN_BLOCK_CAPTURE_AUTORELEASING = YES;
				CLANG_WARN_BOOL_CONVERSION = YES;
				CLANG_WARN_COMMA = YES;
				CLANG_WARN_CONSTANT_CONVERSION = YES;
				CLANG_WARN_DEPRECATED_OBJC_IMPLEMENTATIONS = YES;
				CLANG_WARN_DIRECT_OBJC_ISA_USAGE = YES_ERROR;
				CLANG_WARN_DOCUMENTATION_COMMENTS = YES;
				CLANG_WARN_EMPTY_BODY = YES;
				CLANG_WARN_ENUM_CONVERSION = YES;
				CLANG_WARN_INFINITE_RECURSION = YES;
				CLANG_WARN_INT_CONVERSION = YES;
				CLANG_WARN_NON_LITERAL_NULL_CONVERSION = YES;
				CLANG_WARN_OBJC_IMPLICIT_RETAIN_SELF = YES;
				CLANG_WARN_OBJC_LITERAL_CONVERSION = YES;
				CLANG_WARN_OBJC_ROOT_CLASS = YES_ERROR;
				CLANG_WARN_RANGE_LOOP_ANALYSIS = YES;
				CLANG_WARN_STRICT_PROTOTYPES = YES;
				CLANG_WARN_SUSPICIOUS_MOVE = YES;
				CLANG_WARN_UNGUARDED_AVAILABILITY = YES_AGGRESSIVE;
				CLANG_WARN_UNREACHABLE_CODE = YES;
				CLANG_WARN__DUPLICATE_METHOD_MATCH = YES;
				CODE_SIGN_IDENTITY = "iPhone Developer";
				COPY_PHASE_STRIP = NO;
				DEBUG_INFORMATION_FORMAT = "dwarf-with-dsym";
				ENABLE_NS_ASSERTIONS = NO;
				ENABLE_STRICT_OBJC_MSGSEND = YES;
				GCC_C_LANGUAGE_STANDARD = gnu11;
				GCC_NO_COMMON_BLOCKS = YES;
				GCC_WARN_64_TO_32_BIT_CONVERSION = YES;
				GCC_WARN_ABOUT_RETURN_TYPE = YES_ERROR;
				GCC_WARN_UNDECLARED_SELECTOR = YES;
				GCC_WARN_UNINITIALIZED_AUTOS = YES_AGGRESSIVE;
				GCC_WARN_UNUSED_FUNCTION = YES;
				GCC_WARN_UNUSED_VARIABLE = YES;
				IPHONEOS_DEPLOYMENT_TARGET = 12.1;
				MTL_ENABLE_DEBUG_INFO = NO;
				MTL_FAST_MATH = YES;
				SDKROOT = iphoneos;
				SWIFT_COMPILATION_MODE = wholemodule;
				SWIFT_OPTIMIZATION_LEVEL = "-O";
				VALIDATE_PRODUCT = YES;
			};
			name = Release;
		};
		BFFDFE60223845170033F15B /* Debug */ = {
			isa = XCBuildConfiguration;
			baseConfigurationReference = 26426B7903E9150EF76358D9 /* Pods-MafiaManager.debug.xcconfig */;
			buildSettings = {
				ASSETCATALOG_COMPILER_APPICON_NAME = AppIcon;
				CODE_SIGN_ENTITLEMENTS = MafiaManager/MafiaManager.entitlements;
				CODE_SIGN_STYLE = Automatic;
				DEVELOPMENT_TEAM = H8C5RDWWCB;
				INFOPLIST_FILE = MafiaManager/Info.plist;
				LD_RUNPATH_SEARCH_PATHS = (
					"$(inherited)",
					"@executable_path/Frameworks",
				);
				PRODUCT_BUNDLE_IDENTIFIER = com.aish.MafiaManager;
				PRODUCT_NAME = "$(TARGET_NAME)";
				SWIFT_VERSION = 4.2;
				TARGETED_DEVICE_FAMILY = "1,2";
			};
			name = Debug;
		};
		BFFDFE61223845170033F15B /* Release */ = {
			isa = XCBuildConfiguration;
			baseConfigurationReference = F2AF33E2E3064D2FD43B2DBF /* Pods-MafiaManager.release.xcconfig */;
			buildSettings = {
				ASSETCATALOG_COMPILER_APPICON_NAME = AppIcon;
				CODE_SIGN_ENTITLEMENTS = MafiaManager/MafiaManager.entitlements;
				CODE_SIGN_STYLE = Automatic;
				DEVELOPMENT_TEAM = H8C5RDWWCB;
				INFOPLIST_FILE = MafiaManager/Info.plist;
				LD_RUNPATH_SEARCH_PATHS = (
					"$(inherited)",
					"@executable_path/Frameworks",
				);
				PRODUCT_BUNDLE_IDENTIFIER = com.aish.MafiaManager;
				PRODUCT_NAME = "$(TARGET_NAME)";
				SWIFT_VERSION = 4.2;
				TARGETED_DEVICE_FAMILY = "1,2";
			};
			name = Release;
		};
/* End XCBuildConfiguration section */

/* Begin XCConfigurationList section */
		BFFDFE46223844C00033F15B /* Build configuration list for PBXProject "MafiaManager" */ = {
			isa = XCConfigurationList;
			buildConfigurations = (
				BFFDFE5D223845170033F15B /* Debug */,
				BFFDFE5E223845170033F15B /* Release */,
			);
			defaultConfigurationIsVisible = 0;
			defaultConfigurationName = Release;
		};
		BFFDFE5F223845170033F15B /* Build configuration list for PBXNativeTarget "MafiaManager" */ = {
			isa = XCConfigurationList;
			buildConfigurations = (
				BFFDFE60223845170033F15B /* Debug */,
				BFFDFE61223845170033F15B /* Release */,
			);
			defaultConfigurationIsVisible = 0;
			defaultConfigurationName = Release;
		};
/* End XCConfigurationList section */

/* Begin XCVersionGroup section */
		7B8EF74F2254180500816B5F /* MafiaManager.xcdatamodeld */ = {
			isa = XCVersionGroup;
			children = (
				7B8EF7502254180500816B5F /* MafiaManager.xcdatamodel */,
			);
			currentVersion = 7B8EF7502254180500816B5F /* MafiaManager.xcdatamodel */;
			path = MafiaManager.xcdatamodeld;
			sourceTree = "<group>";
			versionGroupType = wrapper.xcdatamodel;
		};
/* End XCVersionGroup section */
	};
	rootObject = BFFDFE43223844C00033F15B /* Project object */;
}
